
Microsoft Visual Studio Solution File, Format Version 12.00
# Visual Studio Version 17
VisualStudioVersion = 17.7.34018.315
MinimumVisualStudioVersion = 10.0.40219.1
Project("{9A19103F-16F7-4668-BE54-9A1E7A4F7556}") = "GptConsoleApp", "GptConsoleApp.csproj", "{564B5E5F-4A50-4EDA-8036-6C6B7833A3AB}"
EndProject
Global
	GlobalSection(SolutionConfigurationPlatforms) = preSolution
		Debug|Any CPU = Debug|Any CPU
		Release|Any CPU = Release|Any CPU
	EndGlobalSection
	GlobalSection(ProjectConfigurationPlatforms) = postSolution
		{564B5E5F-4A50-4EDA-8036-6C6B7833A3AB}.Debug|Any CPU.ActiveCfg = Debug|Any CPU
		{564B5E5F-4A50-4EDA-8036-6C6B7833A3AB}.Debug|Any CPU.Build.0 = Debug|Any CPU
		{564B5E5F-4A50-4EDA-8036-6C6B7833A3AB}.Release|Any CPU.ActiveCfg = Release|Any CPU
		{564B5E5F-4A50-4EDA-8036-6C6B7833A3AB}.Release|Any CPU.Build.0 = Release|Any CPU
	EndGlobalSection
	GlobalSection(SolutionProperties) = preSolution
		HideSolutionNode = FALSE
	EndGlobalSection
	GlobalSection(ExtensibilityGlobals) = postSolution
		SolutionGuid = {0066A294-8AC2-40B0-A50E-7E271C98209B}
	EndGlobalSection
EndGlobal
